{
  "name": "graduation-project",
  "version": "1.0.0",
  "lockfileVersion": 1,
  "requires": true,
  "dependencies": {
    "react-alert": {
      "version": "5.5.0",
      "resolved": "https://registry.npmjs.org/react-alert/-/react-alert-5.5.0.tgz",
      "integrity": "sha512-PzB6ktBmtNZkmgZVdPp/Wbe/zjIBzqBu9QHLTrfquUVVPCVVfn3lPWOebejEg6VOxGepIPOSAsb1bd3ESMyC0Q=="
    },
    "react-alert-template-basic": {
      "version": "1.0.0",
      "resolved": "https://registry.npmjs.org/react-alert-template-basic/-/react-alert-template-basic-1.0.0.tgz",
      "integrity": "sha512-6x5Us0oc+jj8BDNkvSWfQMESk5SdyGKitXdLb7CwIlIlecyATjCTKSWpLABg8tpKAPOSJu4Dv/fYUqxXEio/XA=="
    }
  }
}
